
Microsoft Visual Studio Solution File, Format Version 12.00
# Visual Studio 14
VisualStudioVersion = 14.0.25123.0
MinimumVisualStudioVersion = 10.0.40219.1
Project("{FAE04EC0-301F-11D3-BF4B-00C04F79EFBC}") = "Education01", "Education\Education01.csproj", "{FB0844BB-F657-4F42-B040-695AFDAFDDDD}"
EndProject
Project("{FAE04EC0-301F-11D3-BF4B-00C04F79EFBC}") = "Education02", "Education2\Education02.csproj", "{C9417D12-B0FB-4ED9-958C-249120A0C393}"
EndProject
Project("{FAE04EC0-301F-11D3-BF4B-00C04F79EFBC}") = "Education03", "Education3\Education03.csproj", "{42F25B04-1709-426F-89E9-C63D7DDC09EC}"
EndProject
Project("{FAE04EC0-301F-11D3-BF4B-00C04F79EFBC}") = "Education04", "Education4\Education04.csproj", "{B6B18D9C-0212-4865-BAA0-695BC068F291}"
EndProject
Project("{FAE04EC0-301F-11D3-BF4B-00C04F79EFBC}") = "Education05", "Education5\Education05.csproj", "{E0DE20C1-FF0E-4767-8C4B-6475192D8207}"
EndProject
Project("{FAE04EC0-301F-11D3-BF4B-00C04F79EFBC}") = "Education06", "Education6\Education06.csproj", "{9D3CFAEA-F66E-4D77-9122-02BE8B1800E8}"
EndProject
Project("{FAE04EC0-301F-11D3-BF4B-00C04F79EFBC}") = "Education07", "Education7\Education07.csproj", "{56235A22-D325-4642-BD41-BAF6BE551572}"
EndProject
Project("{FAE04EC0-301F-11D3-BF4B-00C04F79EFBC}") = "Education08", "Education8\Education08.csproj", "{B864D1F7-9A6C-4DC6-8B11-7030F37B6DED}"
EndProject
Project("{FAE04EC0-301F-11D3-BF4B-00C04F79EFBC}") = "Education09", "Education9\Education09.csproj", "{33465615-8534-4D69-9F9E-F913697982DD}"
EndProject
Project("{FAE04EC0-301F-11D3-BF4B-00C04F79EFBC}") = "Education10", "Education10\Education10.csproj", "{F595329F-7BBB-43E3-B866-6789DA98233F}"
EndProject
Project("{FAE04EC0-301F-11D3-BF4B-00C04F79EFBC}") = "Education11", "Education11\Education11.csproj", "{9FB8033E-6B51-4EEF-85D7-79D20B4EB654}"
EndProject
Project("{FAE04EC0-301F-11D3-BF4B-00C04F79EFBC}") = "Education12", "Education12\Education12.csproj", "{C28EDB35-A32F-40BA-A793-4EF9E129F86C}"
EndProject
Project("{FAE04EC0-301F-11D3-BF4B-00C04F79EFBC}") = "Education13", "Education13\Education13.csproj", "{5E4017A9-AC5E-4E4F-99EA-CFF8DBBA2628}"
EndProject
Project("{FAE04EC0-301F-11D3-BF4B-00C04F79EFBC}") = "Education14", "Education14\Education14.csproj", "{8289DAB8-ABE9-4292-877B-A5BFAA39B553}"
EndProject
Project("{FAE04EC0-301F-11D3-BF4B-00C04F79EFBC}") = "Education15", "Education15\Education15.csproj", "{4B58F2F0-0165-46B8-9595-F0CB24CFD86C}"
EndProject
Global
	GlobalSection(SolutionConfigurationPlatforms) = preSolution
		Debug|Any CPU = Debug|Any CPU
		Release|Any CPU = Release|Any CPU
	EndGlobalSection
	GlobalSection(ProjectConfigurationPlatforms) = postSolution
		{FB0844BB-F657-4F42-B040-695AFDAFDDDD}.Debug|Any CPU.ActiveCfg = Debug|Any CPU
		{FB0844BB-F657-4F42-B040-695AFDAFDDDD}.Debug|Any CPU.Build.0 = Debug|Any CPU
		{FB0844BB-F657-4F42-B040-695AFDAFDDDD}.Release|Any CPU.ActiveCfg = Release|Any CPU
		{FB0844BB-F657-4F42-B040-695AFDAFDDDD}.Release|Any CPU.Build.0 = Release|Any CPU
		{C9417D12-B0FB-4ED9-958C-249120A0C393}.Debug|Any CPU.ActiveCfg = Debug|Any CPU
		{C9417D12-B0FB-4ED9-958C-249120A0C393}.Debug|Any CPU.Build.0 = Debug|Any CPU
		{C9417D12-B0FB-4ED9-958C-249120A0C393}.Release|Any CPU.ActiveCfg = Release|Any CPU
		{C9417D12-B0FB-4ED9-958C-249120A0C393}.Release|Any CPU.Build.0 = Release|Any CPU
		{42F25B04-1709-426F-89E9-C63D7DDC09EC}.Debug|Any CPU.ActiveCfg = Debug|Any CPU
		{42F25B04-1709-426F-89E9-C63D7DDC09EC}.Debug|Any CPU.Build.0 = Debug|Any CPU
		{42F25B04-1709-426F-89E9-C63D7DDC09EC}.Release|Any CPU.ActiveCfg = Release|Any CPU
		{42F25B04-1709-426F-89E9-C63D7DDC09EC}.Release|Any CPU.Build.0 = Release|Any CPU
		{B6B18D9C-0212-4865-BAA0-695BC068F291}.Debug|Any CPU.ActiveCfg = Debug|Any CPU
		{B6B18D9C-0212-4865-BAA0-695BC068F291}.Debug|Any CPU.Build.0 = Debug|Any CPU
		{B6B18D9C-0212-4865-BAA0-695BC068F291}.Release|Any CPU.ActiveCfg = Release|Any CPU
		{B6B18D9C-0212-4865-BAA0-695BC068F291}.Release|Any CPU.Build.0 = Release|Any CPU
		{E0DE20C1-FF0E-4767-8C4B-6475192D8207}.Debug|Any CPU.ActiveCfg = Debug|Any CPU
		{E0DE20C1-FF0E-4767-8C4B-6475192D8207}.Debug|Any CPU.Build.0 = Debug|Any CPU
		{E0DE20C1-FF0E-4767-8C4B-6475192D8207}.Release|Any CPU.ActiveCfg = Release|Any CPU
		{E0DE20C1-FF0E-4767-8C4B-6475192D8207}.Release|Any CPU.Build.0 = Release|Any CPU
		{9D3CFAEA-F66E-4D77-9122-02BE8B1800E8}.Debug|Any CPU.ActiveCfg = Debug|Any CPU
		{9D3CFAEA-F66E-4D77-9122-02BE8B1800E8}.Debug|Any CPU.Build.0 = Debug|Any CPU
		{9D3CFAEA-F66E-4D77-9122-02BE8B1800E8}.Release|Any CPU.ActiveCfg = Release|Any CPU
		{9D3CFAEA-F66E-4D77-9122-02BE8B1800E8}.Release|Any CPU.Build.0 = Release|Any CPU
		{56235A22-D325-4642-BD41-BAF6BE551572}.Debug|Any CPU.ActiveCfg = Debug|Any CPU
		{56235A22-D325-4642-BD41-BAF6BE551572}.Debug|Any CPU.Build.0 = Debug|Any CPU
		{56235A22-D325-4642-BD41-BAF6BE551572}.Release|Any CPU.ActiveCfg = Release|Any CPU
		{56235A22-D325-4642-BD41-BAF6BE551572}.Release|Any CPU.Build.0 = Release|Any CPU
		{B864D1F7-9A6C-4DC6-8B11-7030F37B6DED}.Debug|Any CPU.ActiveCfg = Debug|Any CPU
		{B864D1F7-9A6C-4DC6-8B11-7030F37B6DED}.Debug|Any CPU.Build.0 = Debug|Any CPU
		{B864D1F7-9A6C-4DC6-8B11-7030F37B6DED}.Release|Any CPU.ActiveCfg = Release|Any CPU
		{B864D1F7-9A6C-4DC6-8B11-7030F37B6DED}.Release|Any CPU.Build.0 = Release|Any CPU
		{33465615-8534-4D69-9F9E-F913697982DD}.Debug|Any CPU.ActiveCfg = Debug|Any CPU
		{33465615-8534-4D69-9F9E-F913697982DD}.Debug|Any CPU.Build.0 = Debug|Any CPU
		{33465615-8534-4D69-9F9E-F913697982DD}.Release|Any CPU.ActiveCfg = Release|Any CPU
		{33465615-8534-4D69-9F9E-F913697982DD}.Release|Any CPU.Build.0 = Release|Any CPU
		{F595329F-7BBB-43E3-B866-6789DA98233F}.Debug|Any CPU.ActiveCfg = Debug|Any CPU
		{F595329F-7BBB-43E3-B866-6789DA98233F}.Debug|Any CPU.Build.0 = Debug|Any CPU
		{F595329F-7BBB-43E3-B866-6789DA98233F}.Release|Any CPU.ActiveCfg = Release|Any CPU
		{F595329F-7BBB-43E3-B866-6789DA98233F}.Release|Any CPU.Build.0 = Release|Any CPU
		{9FB8033E-6B51-4EEF-85D7-79D20B4EB654}.Debug|Any CPU.ActiveCfg = Debug|Any CPU
		{9FB8033E-6B51-4EEF-85D7-79D20B4EB654}.Debug|Any CPU.Build.0 = Debug|Any CPU
		{9FB8033E-6B51-4EEF-85D7-79D20B4EB654}.Release|Any CPU.ActiveCfg = Release|Any CPU
		{9FB8033E-6B51-4EEF-85D7-79D20B4EB654}.Release|Any CPU.Build.0 = Release|Any CPU
		{C28EDB35-A32F-40BA-A793-4EF9E129F86C}.Debug|Any CPU.ActiveCfg = Debug|Any CPU
		{C28EDB35-A32F-40BA-A793-4EF9E129F86C}.Debug|Any CPU.Build.0 = Debug|Any CPU
		{C28EDB35-A32F-40BA-A793-4EF9E129F86C}.Release|Any CPU.ActiveCfg = Release|Any CPU
		{C28EDB35-A32F-40BA-A793-4EF9E129F86C}.Release|Any CPU.Build.0 = Release|Any CPU
		{5E4017A9-AC5E-4E4F-99EA-CFF8DBBA2628}.Debug|Any CPU.ActiveCfg = Debug|Any CPU
		{5E4017A9-AC5E-4E4F-99EA-CFF8DBBA2628}.Debug|Any CPU.Build.0 = Debug|Any CPU
		{5E4017A9-AC5E-4E4F-99EA-CFF8DBBA2628}.Release|Any CPU.ActiveCfg = Release|Any CPU
		{5E4017A9-AC5E-4E4F-99EA-CFF8DBBA2628}.Release|Any CPU.Build.0 = Release|Any CPU
		{8289DAB8-ABE9-4292-877B-A5BFAA39B553}.Debug|Any CPU.ActiveCfg = Debug|Any CPU
		{8289DAB8-ABE9-4292-877B-A5BFAA39B553}.Debug|Any CPU.Build.0 = Debug|Any CPU
		{8289DAB8-ABE9-4292-877B-A5BFAA39B553}.Release|Any CPU.ActiveCfg = Release|Any CPU
		{8289DAB8-ABE9-4292-877B-A5BFAA39B553}.Release|Any CPU.Build.0 = Release|Any CPU
		{4B58F2F0-0165-46B8-9595-F0CB24CFD86C}.Debug|Any CPU.ActiveCfg = Debug|Any CPU
		{4B58F2F0-0165-46B8-9595-F0CB24CFD86C}.Debug|Any CPU.Build.0 = Debug|Any CPU
		{4B58F2F0-0165-46B8-9595-F0CB24CFD86C}.Release|Any CPU.ActiveCfg = Release|Any CPU
		{4B58F2F0-0165-46B8-9595-F0CB24CFD86C}.Release|Any CPU.Build.0 = Release|Any CPU
	EndGlobalSection
	GlobalSection(SolutionProperties) = preSolution
		HideSolutionNode = FALSE
	EndGlobalSection
EndGlobal
