
Microsoft Visual Studio Solution File, Format Version 12.00
# Visual Studio 14
VisualStudioVersion = 14.0.25123.0
MinimumVisualStudioVersion = 10.0.40219.1
Project("{FAE04EC0-301F-11D3-BF4B-00C04F79EFBC}") = "Education", "Education\Education.csproj", "{FB0844BB-F657-4F42-B040-695AFDAFDDDD}"
EndProject
Project("{FAE04EC0-301F-11D3-BF4B-00C04F79EFBC}") = "Education2", "Education2\Education2.csproj", "{C9417D12-B0FB-4ED9-958C-249120A0C393}"
EndProject
Project("{FAE04EC0-301F-11D3-BF4B-00C04F79EFBC}") = "Education3", "Education3\Education3.csproj", "{42F25B04-1709-426F-89E9-C63D7DDC09EC}"
EndProject
Project("{FAE04EC0-301F-11D3-BF4B-00C04F79EFBC}") = "Education4", "Education4\Education4.csproj", "{B6B18D9C-0212-4865-BAA0-695BC068F291}"
EndProject
Project("{FAE04EC0-301F-11D3-BF4B-00C04F79EFBC}") = "Education5", "Eucation5\Education5.csproj", "{F2364F63-31F6-4FD4-B7E5-049054AC3509}"
EndProject
Global
	GlobalSection(SolutionConfigurationPlatforms) = preSolution
		Debug|Any CPU = Debug|Any CPU
		Release|Any CPU = Release|Any CPU
	EndGlobalSection
	GlobalSection(ProjectConfigurationPlatforms) = postSolution
		{FB0844BB-F657-4F42-B040-695AFDAFDDDD}.Debug|Any CPU.ActiveCfg = Debug|Any CPU
		{FB0844BB-F657-4F42-B040-695AFDAFDDDD}.Debug|Any CPU.Build.0 = Debug|Any CPU
		{FB0844BB-F657-4F42-B040-695AFDAFDDDD}.Release|Any CPU.ActiveCfg = Release|Any CPU
		{FB0844BB-F657-4F42-B040-695AFDAFDDDD}.Release|Any CPU.Build.0 = Release|Any CPU
		{C9417D12-B0FB-4ED9-958C-249120A0C393}.Debug|Any CPU.ActiveCfg = Debug|Any CPU
		{C9417D12-B0FB-4ED9-958C-249120A0C393}.Debug|Any CPU.Build.0 = Debug|Any CPU
		{C9417D12-B0FB-4ED9-958C-249120A0C393}.Release|Any CPU.ActiveCfg = Release|Any CPU
		{C9417D12-B0FB-4ED9-958C-249120A0C393}.Release|Any CPU.Build.0 = Release|Any CPU
		{42F25B04-1709-426F-89E9-C63D7DDC09EC}.Debug|Any CPU.ActiveCfg = Debug|Any CPU
		{42F25B04-1709-426F-89E9-C63D7DDC09EC}.Debug|Any CPU.Build.0 = Debug|Any CPU
		{42F25B04-1709-426F-89E9-C63D7DDC09EC}.Release|Any CPU.ActiveCfg = Release|Any CPU
		{42F25B04-1709-426F-89E9-C63D7DDC09EC}.Release|Any CPU.Build.0 = Release|Any CPU
		{B6B18D9C-0212-4865-BAA0-695BC068F291}.Debug|Any CPU.ActiveCfg = Debug|Any CPU
		{B6B18D9C-0212-4865-BAA0-695BC068F291}.Debug|Any CPU.Build.0 = Debug|Any CPU
		{B6B18D9C-0212-4865-BAA0-695BC068F291}.Release|Any CPU.ActiveCfg = Release|Any CPU
		{B6B18D9C-0212-4865-BAA0-695BC068F291}.Release|Any CPU.Build.0 = Release|Any CPU
		{F2364F63-31F6-4FD4-B7E5-049054AC3509}.Debug|Any CPU.ActiveCfg = Debug|Any CPU
		{F2364F63-31F6-4FD4-B7E5-049054AC3509}.Debug|Any CPU.Build.0 = Debug|Any CPU
		{F2364F63-31F6-4FD4-B7E5-049054AC3509}.Release|Any CPU.ActiveCfg = Release|Any CPU
		{F2364F63-31F6-4FD4-B7E5-049054AC3509}.Release|Any CPU.Build.0 = Release|Any CPU
	EndGlobalSection
	GlobalSection(SolutionProperties) = preSolution
		HideSolutionNode = FALSE
	EndGlobalSection
EndGlobal
